
Microsoft Visual Studio Solution File, Format Version 12.00
# Visual Studio 15
Project("{FAE04EC0-301F-11D3-BF4B-00C04F79EFBC}") = "ToonyColorsPro.Editor", "ToonyColorsPro.Editor.csproj", "{10BB02D4-EAA3-8E3E-BEB1-CEE987550AC0}"
EndProject
Project("{FAE04EC0-301F-11D3-BF4B-00C04F79EFBC}") = "ToonyColorsPro2.Demo", "ToonyColorsPro2.Demo.csproj", "{8EFB5987-7F6E-80FC-67E3-3ECE04F3B9CC}"
EndProject
Project("{FAE04EC0-301F-11D3-BF4B-00C04F79EFBC}") = "ToonyColorsPro.Runtime", "ToonyColorsPro.Runtime.csproj", "{3A2A1B89-9E32-468F-748E-E363F3F9E7F2}"
EndProject
Project("{FAE04EC0-301F-11D3-BF4B-00C04F79EFBC}") = "Assembly-CSharp", "Assembly-CSharp.csproj", "{9EBDF643-BBA7-06F2-27FC-3618E0C1789D}"
EndProject
Project("{FAE04EC0-301F-11D3-BF4B-00C04F79EFBC}") = "KinoBloom.Runtime", "KinoBloom.Runtime.csproj", "{7202AFB1-5C33-9ED6-319E-3133AAB867D9}"
EndProject
Project("{FAE04EC0-301F-11D3-BF4B-00C04F79EFBC}") = "ToonyColorsPro.Demo.Editor", "ToonyColorsPro.Demo.Editor.csproj", "{C8181A90-7DA2-23E6-D489-394E684F5A10}"
EndProject
Global
	GlobalSection(SolutionConfigurationPlatforms) = preSolution
		Debug|Any CPU = Debug|Any CPU
		Release|Any CPU = Release|Any CPU
	EndGlobalSection
	GlobalSection(ProjectConfigurationPlatforms) = postSolution
		{10BB02D4-EAA3-8E3E-BEB1-CEE987550AC0}.Debug|Any CPU.ActiveCfg = Debug|Any CPU
		{10BB02D4-EAA3-8E3E-BEB1-CEE987550AC0}.Debug|Any CPU.Build.0 = Debug|Any CPU
		{10BB02D4-EAA3-8E3E-BEB1-CEE987550AC0}.Release|Any CPU.ActiveCfg = Release|Any CPU
		{10BB02D4-EAA3-8E3E-BEB1-CEE987550AC0}.Release|Any CPU.Build.0 = Release|Any CPU
		{8EFB5987-7F6E-80FC-67E3-3ECE04F3B9CC}.Debug|Any CPU.ActiveCfg = Debug|Any CPU
		{8EFB5987-7F6E-80FC-67E3-3ECE04F3B9CC}.Debug|Any CPU.Build.0 = Debug|Any CPU
		{8EFB5987-7F6E-80FC-67E3-3ECE04F3B9CC}.Release|Any CPU.ActiveCfg = Release|Any CPU
		{8EFB5987-7F6E-80FC-67E3-3ECE04F3B9CC}.Release|Any CPU.Build.0 = Release|Any CPU
		{3A2A1B89-9E32-468F-748E-E363F3F9E7F2}.Debug|Any CPU.ActiveCfg = Debug|Any CPU
		{3A2A1B89-9E32-468F-748E-E363F3F9E7F2}.Debug|Any CPU.Build.0 = Debug|Any CPU
		{3A2A1B89-9E32-468F-748E-E363F3F9E7F2}.Release|Any CPU.ActiveCfg = Release|Any CPU
		{3A2A1B89-9E32-468F-748E-E363F3F9E7F2}.Release|Any CPU.Build.0 = Release|Any CPU
		{9EBDF643-BBA7-06F2-27FC-3618E0C1789D}.Debug|Any CPU.ActiveCfg = Debug|Any CPU
		{9EBDF643-BBA7-06F2-27FC-3618E0C1789D}.Debug|Any CPU.Build.0 = Debug|Any CPU
		{9EBDF643-BBA7-06F2-27FC-3618E0C1789D}.Release|Any CPU.ActiveCfg = Release|Any CPU
		{9EBDF643-BBA7-06F2-27FC-3618E0C1789D}.Release|Any CPU.Build.0 = Release|Any CPU
		{7202AFB1-5C33-9ED6-319E-3133AAB867D9}.Debug|Any CPU.ActiveCfg = Debug|Any CPU
		{7202AFB1-5C33-9ED6-319E-3133AAB867D9}.Debug|Any CPU.Build.0 = Debug|Any CPU
		{7202AFB1-5C33-9ED6-319E-3133AAB867D9}.Release|Any CPU.ActiveCfg = Release|Any CPU
		{7202AFB1-5C33-9ED6-319E-3133AAB867D9}.Release|Any CPU.Build.0 = Release|Any CPU
		{C8181A90-7DA2-23E6-D489-394E684F5A10}.Debug|Any CPU.ActiveCfg = Debug|Any CPU
		{C8181A90-7DA2-23E6-D489-394E684F5A10}.Debug|Any CPU.Build.0 = Debug|Any CPU
		{C8181A90-7DA2-23E6-D489-394E684F5A10}.Release|Any CPU.ActiveCfg = Release|Any CPU
		{C8181A90-7DA2-23E6-D489-394E684F5A10}.Release|Any CPU.Build.0 = Release|Any CPU
	EndGlobalSection
	GlobalSection(SolutionProperties) = preSolution
		HideSolutionNode = FALSE
	EndGlobalSection
EndGlobal
